
Microsoft Visual Studio Solution File, Format Version 12.00
# Visual Studio Version 17
VisualStudioVersion = 17.2.32630.192
MinimumVisualStudioVersion = 10.0.40219.1
Project("{9A19103F-16F7-4668-BE54-9A1E7A4F7556}") = "Authentication", "Authentication.csproj", "{407FF62D-7837-439E-80DF-F788C71CF508}"
EndProject
Global
	GlobalSection(SolutionConfigurationPlatforms) = preSolution
		Debug|Any CPU = Debug|Any CPU
		Release|Any CPU = Release|Any CPU
	EndGlobalSection
	GlobalSection(ProjectConfigurationPlatforms) = postSolution
		{407FF62D-7837-439E-80DF-F788C71CF508}.Debug|Any CPU.ActiveCfg = Debug|Any CPU
		{407FF62D-7837-439E-80DF-F788C71CF508}.Debug|Any CPU.Build.0 = Debug|Any CPU
		{407FF62D-7837-439E-80DF-F788C71CF508}.Release|Any CPU.ActiveCfg = Release|Any CPU
		{407FF62D-7837-439E-80DF-F788C71CF508}.Release|Any CPU.Build.0 = Release|Any CPU
	EndGlobalSection
	GlobalSection(SolutionProperties) = preSolution
		HideSolutionNode = FALSE
	EndGlobalSection
	GlobalSection(ExtensibilityGlobals) = postSolution
		SolutionGuid = {3A362279-ED9E-4BB8-946D-1B4CC1EDED85}
	EndGlobalSection
	GlobalSection(TeamFoundationVersionControl) = preSolution
		SccNumberOfProjects = 2
		SccEnterpriseProvider = {4CA58AB2-18FA-4F8D-95D4-32DDF27D184C}
		SccTeamFoundationServer = https://enmarkados.visualstudio.com/
		SccLocalPath0 = .
		SccProjectUniqueName1 = Authentication.csproj
		SccLocalPath1 = .
	EndGlobalSection
EndGlobal
