
Microsoft Visual Studio Solution File, Format Version 12.00
# Visual Studio Version 17
VisualStudioVersion = 17.0.32014.148
MinimumVisualStudioVersion = 10.0.40219.1
Project("{FAE04EC0-301F-11D3-BF4B-00C04F79EFBC}") = "GuidFormatGenerator", "GuidFormatGenerator.csproj", "{274EEE62-A7C0-4968-B15D-F18FFB5E0973}"
EndProject
Global
	GlobalSection(SolutionConfigurationPlatforms) = preSolution
		Debug|Any CPU = Debug|Any CPU
		Release|Any CPU = Release|Any CPU
	EndGlobalSection
	GlobalSection(ProjectConfigurationPlatforms) = postSolution
		{274EEE62-A7C0-4968-B15D-F18FFB5E0973}.Debug|Any CPU.ActiveCfg = Debug|Any CPU
		{274EEE62-A7C0-4968-B15D-F18FFB5E0973}.Debug|Any CPU.Build.0 = Debug|Any CPU
		{274EEE62-A7C0-4968-B15D-F18FFB5E0973}.Release|Any CPU.ActiveCfg = Release|Any CPU
		{274EEE62-A7C0-4968-B15D-F18FFB5E0973}.Release|Any CPU.Build.0 = Release|Any CPU
	EndGlobalSection
	GlobalSection(SolutionProperties) = preSolution
		HideSolutionNode = FALSE
	EndGlobalSection
	GlobalSection(ExtensibilityGlobals) = postSolution
		SolutionGuid = {1DFFBA57-BA2D-42AD-8DE0-F7DFEB474C49}
	EndGlobalSection
	GlobalSection(TeamFoundationVersionControl) = preSolution
		SccNumberOfProjects = 2
		SccEnterpriseProvider = {4CA58AB2-18FA-4F8D-95D4-32DDF27D184C}
		SccTeamFoundationServer = https://dev.azure.com/hachedos
		SccProjectUniqueName0 = GuidFormatGenerator.csproj
		SccLocalPath0 = .
		SccLocalPath1 = .
	EndGlobalSection
EndGlobal
