
Microsoft Visual Studio Solution File, Format Version 12.00
# Visual Studio Version 17
VisualStudioVersion = 17.0.32014.148
MinimumVisualStudioVersion = 10.0.40219.1
Project("{FAE04EC0-301F-11D3-BF4B-00C04F79EFBC}") = "AuthGateway", "AuthGateway.csproj", "{F344B70D-81B8-4B8B-8C46-252F760F11FA}"
EndProject
Global
	GlobalSection(SolutionConfigurationPlatforms) = preSolution
		Debug|Any CPU = Debug|Any CPU
		Release|Any CPU = Release|Any CPU
	EndGlobalSection
	GlobalSection(ProjectConfigurationPlatforms) = postSolution
		{F344B70D-81B8-4B8B-8C46-252F760F11FA}.Debug|Any CPU.ActiveCfg = Debug|Any CPU
		{F344B70D-81B8-4B8B-8C46-252F760F11FA}.Debug|Any CPU.Build.0 = Debug|Any CPU
		{F344B70D-81B8-4B8B-8C46-252F760F11FA}.Release|Any CPU.ActiveCfg = Release|Any CPU
		{F344B70D-81B8-4B8B-8C46-252F760F11FA}.Release|Any CPU.Build.0 = Release|Any CPU
	EndGlobalSection
	GlobalSection(SolutionProperties) = preSolution
		HideSolutionNode = FALSE
	EndGlobalSection
	GlobalSection(ExtensibilityGlobals) = postSolution
		SolutionGuid = {EB94E25C-3FCD-4DCF-8397-D1749D4707FF}
	EndGlobalSection
	GlobalSection(TeamFoundationVersionControl) = preSolution
		SccNumberOfProjects = 2
		SccEnterpriseProvider = {4CA58AB2-18FA-4F8D-95D4-32DDF27D184C}
		SccTeamFoundationServer = https://dev.azure.com/hachedos
		SccLocalPath0 = .
		SccProjectUniqueName1 = AuthGateway.csproj
		SccLocalPath1 = .
	EndGlobalSection
EndGlobal
