
Microsoft Visual Studio Solution File, Format Version 12.00
# Visual Studio Version 17
VisualStudioVersion = 17.3.32922.545
MinimumVisualStudioVersion = 10.0.40219.1
Project("{9A19103F-16F7-4668-BE54-9A1E7A4F7556}") = "GenericTypeReturn", "GenericTypeReturn\GenericTypeReturn.csproj", "{837CE432-6213-46AB-A1EA-825E3B0A57E9}"
EndProject
Project("{9A19103F-16F7-4668-BE54-9A1E7A4F7556}") = "GenericTypeAPI", "GenericTypeAPI\GenericTypeAPI.csproj", "{CC43DBFE-B1AB-4161-84E0-61B222D434D2}"
EndProject
Global
	GlobalSection(SolutionConfigurationPlatforms) = preSolution
		Debug|Any CPU = Debug|Any CPU
		Release|Any CPU = Release|Any CPU
	EndGlobalSection
	GlobalSection(ProjectConfigurationPlatforms) = postSolution
		{837CE432-6213-46AB-A1EA-825E3B0A57E9}.Debug|Any CPU.ActiveCfg = Debug|Any CPU
		{837CE432-6213-46AB-A1EA-825E3B0A57E9}.Debug|Any CPU.Build.0 = Debug|Any CPU
		{837CE432-6213-46AB-A1EA-825E3B0A57E9}.Release|Any CPU.ActiveCfg = Release|Any CPU
		{837CE432-6213-46AB-A1EA-825E3B0A57E9}.Release|Any CPU.Build.0 = Release|Any CPU
		{CC43DBFE-B1AB-4161-84E0-61B222D434D2}.Debug|Any CPU.ActiveCfg = Debug|Any CPU
		{CC43DBFE-B1AB-4161-84E0-61B222D434D2}.Debug|Any CPU.Build.0 = Debug|Any CPU
		{CC43DBFE-B1AB-4161-84E0-61B222D434D2}.Release|Any CPU.ActiveCfg = Release|Any CPU
		{CC43DBFE-B1AB-4161-84E0-61B222D434D2}.Release|Any CPU.Build.0 = Release|Any CPU
	EndGlobalSection
	GlobalSection(SolutionProperties) = preSolution
		HideSolutionNode = FALSE
	EndGlobalSection
	GlobalSection(ExtensibilityGlobals) = postSolution
		SolutionGuid = {AE6F0A73-7F72-4BB5-AA46-F614A101338C}
	EndGlobalSection
	GlobalSection(TeamFoundationVersionControl) = preSolution
		SccNumberOfProjects = 3
		SccEnterpriseProvider = {4CA58AB2-18FA-4F8D-95D4-32DDF27D184C}
		SccTeamFoundationServer = https://enmarkados.visualstudio.com/
		SccLocalPath0 = .
		SccProjectUniqueName1 = GenericTypeAPI\\GenericTypeAPI.csproj
		SccProjectName1 = GenericTypeAPI
		SccLocalPath1 = GenericTypeAPI
		SccProjectUniqueName2 = GenericTypeReturn\\GenericTypeReturn.csproj
		SccProjectName2 = GenericTypeReturn
		SccLocalPath2 = GenericTypeReturn
	EndGlobalSection
EndGlobal
